
Microsoft Visual Studio Solution File, Format Version 12.00
# Visual Studio 15
VisualStudioVersion = 15.0.28307.168
MinimumVisualStudioVersion = 10.0.40219.1
Project("{2150E333-8FDC-42A3-9474-1A3956D46DE8}") = "Web", "Web", "{4EF20D73-BC7A-439A-98F8-10E5D55A7263}"
EndProject
Project("{2150E333-8FDC-42A3-9474-1A3956D46DE8}") = "Services", "Services", "{0BAEAF8D-FF6A-4FCC-9C30-8074884A5880}"
EndProject
Project("{2150E333-8FDC-42A3-9474-1A3956D46DE8}") = "Devices", "Devices", "{F330D5CC-8C57-467C-8660-164D1DD1630E}"
EndProject
Project("{2150E333-8FDC-42A3-9474-1A3956D46DE8}") = "Hardware", "Hardware", "{56C77FD0-60DE-4905-A834-7FDCD7EE69A8}"
EndProject
Project("{9A19103F-16F7-4668-BE54-9A1E7A4F7556}") = "Starbender.Romi.Web.Service", "Starbender.Romi.Web.Service\Starbender.Romi.Web.Service.csproj", "{9768A76F-7E1B-485C-A73F-27BE45E798FC}"
EndProject
Project("{9A19103F-16F7-4668-BE54-9A1E7A4F7556}") = "Starbender.Romi.Web.Api", "Starbender.Romi.Web.Api\Starbender.Romi.Web.Api.csproj", "{566F7398-FA5B-4A88-935E-7FF9CE8917D4}"
EndProject
Project("{2150E333-8FDC-42A3-9474-1A3956D46DE8}") = "Data", "Data", "{8F4A935A-9C5A-4998-A041-5869537C1145}"
EndProject
Project("{9A19103F-16F7-4668-BE54-9A1E7A4F7556}") = "Starbender.Romi.Data.Core", "Starbender.Romi.Data.Core\Starbender.Romi.Data.Core.csproj", "{84A2E9DA-9FCE-4198-992D-B611394F5579}"
EndProject
Project("{9A19103F-16F7-4668-BE54-9A1E7A4F7556}") = "Starbender.Romi.Web.UI", "Starbender.Romi.Web.UI\Starbender.Romi.Web.UI.csproj", "{04E9640C-92B8-46FB-83F4-BDD2C255E8C6}"
EndProject
Project("{9A19103F-16F7-4668-BE54-9A1E7A4F7556}") = "Starbender.Romi.Services.Configuration", "Starbender.Romi.Services.Configuration\Starbender.Romi.Services.Configuration.csproj", "{66C5952F-B798-47BE-AFD9-A0BBAF7435E5}"
EndProject
Project("{9A19103F-16F7-4668-BE54-9A1E7A4F7556}") = "Starbender.Romi.Services.Device", "Starbender.Romi.Services.Device\Starbender.Romi.Services.Device.csproj", "{11EFD45B-8D21-4076-96BE-48B057EADEB0}"
EndProject
Project("{9A19103F-16F7-4668-BE54-9A1E7A4F7556}") = "Starbender.Romi.Services.Security", "Starbender.Romi.Services.Security\Starbender.Romi.Services.Security.csproj", "{0026D16D-FCF1-4F70-9EF7-629F908F2CC5}"
EndProject
Project("{9A19103F-16F7-4668-BE54-9A1E7A4F7556}") = "Starbender.Romi.Services.Administration", "Starbender.Romi.Services.Administration\Starbender.Romi.Services.Administration.csproj", "{ADA61F37-440C-4732-B278-EEAFB09D3D2C}"
EndProject
Project("{9A19103F-16F7-4668-BE54-9A1E7A4F7556}") = "Starbender.Romi.Services.Notification", "Starbender.Romi.Services.Notification\Starbender.Romi.Services.Notification.csproj", "{B3484A08-CBB5-4C7E-8C21-44B31917F0BB}"
EndProject
Project("{2150E333-8FDC-42A3-9474-1A3956D46DE8}") = "Contracts", "Contracts", "{71D99653-289C-4F6A-9A20-D098433C263D}"
EndProject
Project("{9A19103F-16F7-4668-BE54-9A1E7A4F7556}") = "Starbender.Romi.Contracts.Core", "Starbender.Romi.Contracts.Core\Starbender.Romi.Contracts.Core.csproj", "{A3A5F567-CD2E-4CB1-8E5C-2AF00CFB6E8E}"
EndProject
Project("{9A19103F-16F7-4668-BE54-9A1E7A4F7556}") = "Starbender.Romi.Hardware.Communication", "Starbender.Romi.Hardware.Communication\Starbender.Romi.Hardware.Communication.csproj", "{CA2567D4-1DE5-444E-A820-59374EDDF186}"
EndProject
Project("{9A19103F-16F7-4668-BE54-9A1E7A4F7556}") = "Starbender.Romi.Services.Logging", "Starbender.Romi.Services.Logging\Starbender.Romi.Services.Logging.csproj", "{21195BAD-B718-4C63-A9A3-74C5AED3E9D2}"
EndProject
Project("{2150E333-8FDC-42A3-9474-1A3956D46DE8}") = "Metadata", "Metadata", "{BB83F2E6-6555-43AE-9C08-E4B80D5C9306}"
	ProjectSection(SolutionItems) = preProject
		.gitignore = .gitignore
		appveyor.yml = appveyor.yml
	EndProjectSection
EndProject
Project("{9A19103F-16F7-4668-BE54-9A1E7A4F7556}") = "Starbender.Romi.Services.Core", "Starbender.Romi.Services.Core\Starbender.Romi.Services.Core.csproj", "{8E9B7E03-E72B-472A-B487-385D527F21A6}"
EndProject
Global
	GlobalSection(SolutionConfigurationPlatforms) = preSolution
		Debug|Any CPU = Debug|Any CPU
		Release|Any CPU = Release|Any CPU
	EndGlobalSection
	GlobalSection(ProjectConfigurationPlatforms) = postSolution
		{9768A76F-7E1B-485C-A73F-27BE45E798FC}.Debug|Any CPU.ActiveCfg = Debug|Any CPU
		{9768A76F-7E1B-485C-A73F-27BE45E798FC}.Debug|Any CPU.Build.0 = Debug|Any CPU
		{9768A76F-7E1B-485C-A73F-27BE45E798FC}.Release|Any CPU.ActiveCfg = Release|Any CPU
		{9768A76F-7E1B-485C-A73F-27BE45E798FC}.Release|Any CPU.Build.0 = Release|Any CPU
		{566F7398-FA5B-4A88-935E-7FF9CE8917D4}.Debug|Any CPU.ActiveCfg = Debug|Any CPU
		{566F7398-FA5B-4A88-935E-7FF9CE8917D4}.Debug|Any CPU.Build.0 = Debug|Any CPU
		{566F7398-FA5B-4A88-935E-7FF9CE8917D4}.Release|Any CPU.ActiveCfg = Release|Any CPU
		{566F7398-FA5B-4A88-935E-7FF9CE8917D4}.Release|Any CPU.Build.0 = Release|Any CPU
		{84A2E9DA-9FCE-4198-992D-B611394F5579}.Debug|Any CPU.ActiveCfg = Debug|Any CPU
		{84A2E9DA-9FCE-4198-992D-B611394F5579}.Debug|Any CPU.Build.0 = Debug|Any CPU
		{84A2E9DA-9FCE-4198-992D-B611394F5579}.Release|Any CPU.ActiveCfg = Release|Any CPU
		{84A2E9DA-9FCE-4198-992D-B611394F5579}.Release|Any CPU.Build.0 = Release|Any CPU
		{04E9640C-92B8-46FB-83F4-BDD2C255E8C6}.Debug|Any CPU.ActiveCfg = Debug|Any CPU
		{04E9640C-92B8-46FB-83F4-BDD2C255E8C6}.Debug|Any CPU.Build.0 = Debug|Any CPU
		{04E9640C-92B8-46FB-83F4-BDD2C255E8C6}.Release|Any CPU.ActiveCfg = Release|Any CPU
		{04E9640C-92B8-46FB-83F4-BDD2C255E8C6}.Release|Any CPU.Build.0 = Release|Any CPU
		{66C5952F-B798-47BE-AFD9-A0BBAF7435E5}.Debug|Any CPU.ActiveCfg = Debug|Any CPU
		{66C5952F-B798-47BE-AFD9-A0BBAF7435E5}.Debug|Any CPU.Build.0 = Debug|Any CPU
		{66C5952F-B798-47BE-AFD9-A0BBAF7435E5}.Release|Any CPU.ActiveCfg = Release|Any CPU
		{66C5952F-B798-47BE-AFD9-A0BBAF7435E5}.Release|Any CPU.Build.0 = Release|Any CPU
		{11EFD45B-8D21-4076-96BE-48B057EADEB0}.Debug|Any CPU.ActiveCfg = Debug|Any CPU
		{11EFD45B-8D21-4076-96BE-48B057EADEB0}.Debug|Any CPU.Build.0 = Debug|Any CPU
		{11EFD45B-8D21-4076-96BE-48B057EADEB0}.Release|Any CPU.ActiveCfg = Release|Any CPU
		{11EFD45B-8D21-4076-96BE-48B057EADEB0}.Release|Any CPU.Build.0 = Release|Any CPU
		{0026D16D-FCF1-4F70-9EF7-629F908F2CC5}.Debug|Any CPU.ActiveCfg = Debug|Any CPU
		{0026D16D-FCF1-4F70-9EF7-629F908F2CC5}.Debug|Any CPU.Build.0 = Debug|Any CPU
		{0026D16D-FCF1-4F70-9EF7-629F908F2CC5}.Release|Any CPU.ActiveCfg = Release|Any CPU
		{0026D16D-FCF1-4F70-9EF7-629F908F2CC5}.Release|Any CPU.Build.0 = Release|Any CPU
		{ADA61F37-440C-4732-B278-EEAFB09D3D2C}.Debug|Any CPU.ActiveCfg = Debug|Any CPU
		{ADA61F37-440C-4732-B278-EEAFB09D3D2C}.Debug|Any CPU.Build.0 = Debug|Any CPU
		{ADA61F37-440C-4732-B278-EEAFB09D3D2C}.Release|Any CPU.ActiveCfg = Release|Any CPU
		{ADA61F37-440C-4732-B278-EEAFB09D3D2C}.Release|Any CPU.Build.0 = Release|Any CPU
		{B3484A08-CBB5-4C7E-8C21-44B31917F0BB}.Debug|Any CPU.ActiveCfg = Debug|Any CPU
		{B3484A08-CBB5-4C7E-8C21-44B31917F0BB}.Debug|Any CPU.Build.0 = Debug|Any CPU
		{B3484A08-CBB5-4C7E-8C21-44B31917F0BB}.Release|Any CPU.ActiveCfg = Release|Any CPU
		{B3484A08-CBB5-4C7E-8C21-44B31917F0BB}.Release|Any CPU.Build.0 = Release|Any CPU
		{A3A5F567-CD2E-4CB1-8E5C-2AF00CFB6E8E}.Debug|Any CPU.ActiveCfg = Debug|Any CPU
		{A3A5F567-CD2E-4CB1-8E5C-2AF00CFB6E8E}.Debug|Any CPU.Build.0 = Debug|Any CPU
		{A3A5F567-CD2E-4CB1-8E5C-2AF00CFB6E8E}.Release|Any CPU.ActiveCfg = Release|Any CPU
		{A3A5F567-CD2E-4CB1-8E5C-2AF00CFB6E8E}.Release|Any CPU.Build.0 = Release|Any CPU
		{CA2567D4-1DE5-444E-A820-59374EDDF186}.Debug|Any CPU.ActiveCfg = Debug|Any CPU
		{CA2567D4-1DE5-444E-A820-59374EDDF186}.Debug|Any CPU.Build.0 = Debug|Any CPU
		{CA2567D4-1DE5-444E-A820-59374EDDF186}.Release|Any CPU.ActiveCfg = Release|Any CPU
		{CA2567D4-1DE5-444E-A820-59374EDDF186}.Release|Any CPU.Build.0 = Release|Any CPU
		{21195BAD-B718-4C63-A9A3-74C5AED3E9D2}.Debug|Any CPU.ActiveCfg = Debug|Any CPU
		{21195BAD-B718-4C63-A9A3-74C5AED3E9D2}.Debug|Any CPU.Build.0 = Debug|Any CPU
		{21195BAD-B718-4C63-A9A3-74C5AED3E9D2}.Release|Any CPU.ActiveCfg = Release|Any CPU
		{21195BAD-B718-4C63-A9A3-74C5AED3E9D2}.Release|Any CPU.Build.0 = Release|Any CPU
		{8E9B7E03-E72B-472A-B487-385D527F21A6}.Debug|Any CPU.ActiveCfg = Debug|Any CPU
		{8E9B7E03-E72B-472A-B487-385D527F21A6}.Debug|Any CPU.Build.0 = Debug|Any CPU
		{8E9B7E03-E72B-472A-B487-385D527F21A6}.Release|Any CPU.ActiveCfg = Release|Any CPU
		{8E9B7E03-E72B-472A-B487-385D527F21A6}.Release|Any CPU.Build.0 = Release|Any CPU
	EndGlobalSection
	GlobalSection(SolutionProperties) = preSolution
		HideSolutionNode = FALSE
	EndGlobalSection
	GlobalSection(NestedProjects) = preSolution
		{9768A76F-7E1B-485C-A73F-27BE45E798FC} = {4EF20D73-BC7A-439A-98F8-10E5D55A7263}
		{566F7398-FA5B-4A88-935E-7FF9CE8917D4} = {4EF20D73-BC7A-439A-98F8-10E5D55A7263}
		{84A2E9DA-9FCE-4198-992D-B611394F5579} = {8F4A935A-9C5A-4998-A041-5869537C1145}
		{04E9640C-92B8-46FB-83F4-BDD2C255E8C6} = {4EF20D73-BC7A-439A-98F8-10E5D55A7263}
		{66C5952F-B798-47BE-AFD9-A0BBAF7435E5} = {0BAEAF8D-FF6A-4FCC-9C30-8074884A5880}
		{11EFD45B-8D21-4076-96BE-48B057EADEB0} = {0BAEAF8D-FF6A-4FCC-9C30-8074884A5880}
		{0026D16D-FCF1-4F70-9EF7-629F908F2CC5} = {0BAEAF8D-FF6A-4FCC-9C30-8074884A5880}
		{ADA61F37-440C-4732-B278-EEAFB09D3D2C} = {0BAEAF8D-FF6A-4FCC-9C30-8074884A5880}
		{B3484A08-CBB5-4C7E-8C21-44B31917F0BB} = {0BAEAF8D-FF6A-4FCC-9C30-8074884A5880}
		{A3A5F567-CD2E-4CB1-8E5C-2AF00CFB6E8E} = {71D99653-289C-4F6A-9A20-D098433C263D}
		{CA2567D4-1DE5-444E-A820-59374EDDF186} = {56C77FD0-60DE-4905-A834-7FDCD7EE69A8}
		{21195BAD-B718-4C63-A9A3-74C5AED3E9D2} = {0BAEAF8D-FF6A-4FCC-9C30-8074884A5880}
		{8E9B7E03-E72B-472A-B487-385D527F21A6} = {0BAEAF8D-FF6A-4FCC-9C30-8074884A5880}
	EndGlobalSection
	GlobalSection(ExtensibilityGlobals) = postSolution
		SolutionGuid = {A0ACDF91-4E50-4BFD-831A-80FC16484700}
	EndGlobalSection
EndGlobal
